
Microsoft Visual Studio Solution File, Format Version 12.00
# Visual Studio Version 16
VisualStudioVersion = 16.0.32802.440
MinimumVisualStudioVersion = 10.0.40219.1
Project("{FAE04EC0-301F-11D3-BF4B-00C04F79EFBC}") = "Automaten", "Automaten.csproj", "{C42F5442-E83E-4991-A31F-0588FD871CDB}"
EndProject
Global
	GlobalSection(SolutionConfigurationPlatforms) = preSolution
		Debug|Any CPU = Debug|Any CPU
		Release|Any CPU = Release|Any CPU
	EndGlobalSection
	GlobalSection(ProjectConfigurationPlatforms) = postSolution
		{C42F5442-E83E-4991-A31F-0588FD871CDB}.Debug|Any CPU.ActiveCfg = Debug|Any CPU
		{C42F5442-E83E-4991-A31F-0588FD871CDB}.Debug|Any CPU.Build.0 = Debug|Any CPU
		{C42F5442-E83E-4991-A31F-0588FD871CDB}.Release|Any CPU.ActiveCfg = Release|Any CPU
		{C42F5442-E83E-4991-A31F-0588FD871CDB}.Release|Any CPU.Build.0 = Release|Any CPU
	EndGlobalSection
	GlobalSection(SolutionProperties) = preSolution
		HideSolutionNode = FALSE
	EndGlobalSection
	GlobalSection(ExtensibilityGlobals) = postSolution
		SolutionGuid = {0A9FA038-F167-489F-A878-F35F5975DD71}
	EndGlobalSection
EndGlobal
